
Microsoft Visual Studio Solution File, Format Version 12.00
# Visual Studio Version 17
VisualStudioVersion = 17.9.34723.18
MinimumVisualStudioVersion = 10.0.40219.1
Project("{FAE04EC0-301F-11D3-BF4B-00C04F79EFBC}") = "T3_RevillaFernandezHectorRolando", "T3_RevillaFernandezHectorRolando.csproj", "{F51DE8D8-D5E7-4CF4-A995-15042F03965F}"
EndProject
Global
	GlobalSection(SolutionConfigurationPlatforms) = preSolution
		Debug|Any CPU = Debug|Any CPU
		Release|Any CPU = Release|Any CPU
	EndGlobalSection
	GlobalSection(ProjectConfigurationPlatforms) = postSolution
		{F51DE8D8-D5E7-4CF4-A995-15042F03965F}.Debug|Any CPU.ActiveCfg = Debug|Any CPU
		{F51DE8D8-D5E7-4CF4-A995-15042F03965F}.Debug|Any CPU.Build.0 = Debug|Any CPU
		{F51DE8D8-D5E7-4CF4-A995-15042F03965F}.Release|Any CPU.ActiveCfg = Release|Any CPU
		{F51DE8D8-D5E7-4CF4-A995-15042F03965F}.Release|Any CPU.Build.0 = Release|Any CPU
	EndGlobalSection
	GlobalSection(SolutionProperties) = preSolution
		HideSolutionNode = FALSE
	EndGlobalSection
	GlobalSection(ExtensibilityGlobals) = postSolution
		SolutionGuid = {3FBBE02E-64C0-4294-AC57-863782732913}
	EndGlobalSection
EndGlobal
